// !$*UTF8*$!
{
	archiveVersion = 1;
	classes = {
	};
	objectVersion = 46;
	objects = {

/* Begin PBXBuildFile section */
		BE7578DA1F0AE0BC00F5ADE0 /* AppDelegate.swift in Sources */ = {isa = PBXBuildFile; fileRef = BE7578D91F0AE0BC00F5ADE0 /* AppDelegate.swift */; };
		BE7578DF1F0AE0BC00F5ADE0 /* Main.storyboard in Resources */ = {isa = PBXBuildFile; fileRef = BE7578DD1F0AE0BC00F5ADE0 /* Main.storyboard */; };
		BE7578E21F0AE0BC00F5ADE0 /* JustDoIt2_0.xcdatamodeld in Sources */ = {isa = PBXBuildFile; fileRef = BE7578E01F0AE0BC00F5ADE0 /* JustDoIt2_0.xcdatamodeld */; };
		BE7578E41F0AE0BC00F5ADE0 /* Assets.xcassets in Resources */ = {isa = PBXBuildFile; fileRef = BE7578E31F0AE0BC00F5ADE0 /* Assets.xcassets */; };
		BE7578E71F0AE0BC00F5ADE0 /* LaunchScreen.storyboard in Resources */ = {isa = PBXBuildFile; fileRef = BE7578E51F0AE0BC00F5ADE0 /* LaunchScreen.storyboard */; };
		BE7578EF1F0AE1C900F5ADE0 /* TasksViewController.swift in Sources */ = {isa = PBXBuildFile; fileRef = BE7578EE1F0AE1C900F5ADE0 /* TasksViewController.swift */; };
		BE7578F11F0AE39A00F5ADE0 /* Tasks.swift in Sources */ = {isa = PBXBuildFile; fileRef = BE7578F01F0AE39A00F5ADE0 /* Tasks.swift */; };
		BE7578F31F0BCFD400F5ADE0 /* CreateTaskViewController.swift in Sources */ = {isa = PBXBuildFile; fileRef = BE7578F21F0BCFD400F5ADE0 /* CreateTaskViewController.swift */; };
		BE7578F51F0C6BA900F5ADE0 /* CompleteTaskViewController.swift in Sources */ = {isa = PBXBuildFile; fileRef = BE7578F41F0C6BA900F5ADE0 /* CompleteTaskViewController.swift */; };
/* End PBXBuildFile section */

/* Begin PBXFileReference section */
		BE7578D61F0AE0BC00F5ADE0 /* JustDoIt2.0.app */ = {isa = PBXFileReference; explicitFileType = wrapper.application; includeInIndex = 0; path = JustDoIt2.0.app; sourceTree = BUILT_PRODUCTS_DIR; };
		BE7578D91F0AE0BC00F5ADE0 /* AppDelegate.swift */ = {isa = PBXFileReference; lastKnownFileType = sourcecode.swift; path = AppDelegate.swift; sourceTree = "<group>"; };
		BE7578DE1F0AE0BC00F5ADE0 /* Base */ = {isa = PBXFileReference; lastKnownFileType = file.storyboard; name = Base; path = Base.lproj/Main.storyboard; sourceTree = "<group>"; };
		BE7578E11F0AE0BC00F5ADE0 /* JustDoIt2_0.xcdatamodel */ = {isa = PBXFileReference; lastKnownFileType = wrapper.xcdatamodel; path = JustDoIt2_0.xcdatamodel; sourceTree = "<group>"; };
		BE7578E31F0AE0BC00F5ADE0 /* Assets.xcassets */ = {isa = PBXFileReference; lastKnownFileType = folder.assetcatalog; path = Assets.xcassets; sourceTree = "<group>"; };
		BE7578E61F0AE0BC00F5ADE0 /* Base */ = {isa = PBXFileReference; lastKnownFileType = file.storyboard; name = Base; path = Base.lproj/LaunchScreen.storyboard; sourceTree = "<group>"; };
		BE7578E81F0AE0BC00F5ADE0 /* Info.plist */ = {isa = PBXFileReference; lastKnownFileType = text.plist.xml; path = Info.plist; sourceTree = "<group>"; };
		BE7578EE1F0AE1C900F5ADE0 /* TasksViewController.swift */ = {isa = PBXFileReference; fileEncoding = 4; lastKnownFileType = sourcecode.swift; name = TasksViewController.swift; path = ../TasksViewController.swift; sourceTree = "<group>"; };
		BE7578F01F0AE39A00F5ADE0 /* Tasks.swift */ = {isa = PBXFileReference; fileEncoding = 4; lastKnownFileType = sourcecode.swift; path = Tasks.swift; sourceTree = "<group>"; };
		BE7578F21F0BCFD400F5ADE0 /* CreateTaskViewController.swift */ = {isa = PBXFileReference; fileEncoding = 4; lastKnownFileType = sourcecode.swift; path = CreateTaskViewController.swift; sourceTree = "<group>"; };
		BE7578F41F0C6BA900F5ADE0 /* CompleteTaskViewController.swift */ = {isa = PBXFileReference; fileEncoding = 4; lastKnownFileType = sourcecode.swift; path = CompleteTaskViewController.swift; sourceTree = "<group>"; };
/* End PBXFileReference section */

/* Begin PBXFrameworksBuildPhase section */
		BE7578D31F0AE0BC00F5ADE0 /* Frameworks */ = {
			isa = PBXFrameworksBuildPhase;
			buildActionMask = 2147483647;
			files = (
			);
			runOnlyForDeploymentPostprocessing = 0;
		};
/* End PBXFrameworksBuildPhase section */

/* Begin PBXGroup section */
		BE7578CD1F0AE0BC00F5ADE0 = {
			isa = PBXGroup;
			children = (
				BE7578D81F0AE0BC00F5ADE0 /* JustDoIt2.0 */,
				BE7578D71F0AE0BC00F5ADE0 /* Products */,
			);
			sourceTree = "<group>";
		};
		BE7578D71F0AE0BC00F5ADE0 /* Products */ = {
			isa = PBXGroup;
			children = (
				BE7578D61F0AE0BC00F5ADE0 /* JustDoIt2.0.app */,
			);
			name = Products;
			sourceTree = "<group>";
		};
		BE7578D81F0AE0BC00F5ADE0 /* JustDoIt2.0 */ = {
			isa = PBXGroup;
			children = (
				BE7578D91F0AE0BC00F5ADE0 /* AppDelegate.swift */,
				BE7578EE1F0AE1C900F5ADE0 /* TasksViewController.swift */,
				BE7578F41F0C6BA900F5ADE0 /* CompleteTaskViewController.swift */,
				BE7578F21F0BCFD400F5ADE0 /* CreateTaskViewController.swift */,
				BE7578F01F0AE39A00F5ADE0 /* Tasks.swift */,
				BE7578DD1F0AE0BC00F5ADE0 /* Main.storyboard */,
				BE7578E31F0AE0BC00F5ADE0 /* Assets.xcassets */,
				BE7578E51F0AE0BC00F5ADE0 /* LaunchScreen.storyboard */,
				BE7578E81F0AE0BC00F5ADE0 /* Info.plist */,
				BE7578E01F0AE0BC00F5ADE0 /* JustDoIt2_0.xcdatamodeld */,
			);
			path = JustDoIt2.0;
			sourceTree = "<group>";
		};
/* End PBXGroup section */

/* Begin PBXNativeTarget section */
		BE7578D51F0AE0BC00F5ADE0 /* JustDoIt2.0 */ = {
			isa = PBXNativeTarget;
			buildConfigurationList = BE7578EB1F0AE0BC00F5ADE0 /* Build configuration list for PBXNativeTarget "JustDoIt2.0" */;
			buildPhases = (
				BE7578D21F0AE0BC00F5ADE0 /* Sources */,
				BE7578D31F0AE0BC00F5ADE0 /* Frameworks */,
				BE7578D41F0AE0BC00F5ADE0 /* Resources */,
			);
			buildRules = (
			);
			dependencies = (
			);
			name = JustDoIt2.0;
			productName = JustDoIt2.0;
			productReference = BE7578D61F0AE0BC00F5ADE0 /* JustDoIt2.0.app */;
			productType = "com.apple.product-type.application";
		};
/* End PBXNativeTarget section */

/* Begin PBXProject section */
		BE7578CE1F0AE0BC00F5ADE0 /* Project object */ = {
			isa = PBXProject;
			attributes = {
				LastSwiftUpdateCheck = 0830;
				LastUpgradeCheck = 0830;
				ORGANIZATIONNAME = "Pachuca Inc.";
				TargetAttributes = {
					BE7578D51F0AE0BC00F5ADE0 = {
						CreatedOnToolsVersion = 8.3.3;
						DevelopmentTeam = E2QK468QU7;
						ProvisioningStyle = Automatic;
					};
				};
			};
			buildConfigurationList = BE7578D11F0AE0BC00F5ADE0 /* Build configuration list for PBXProject "JustDoIt2.0" */;
			compatibilityVersion = "Xcode 3.2";
			developmentRegion = English;
			hasScannedForEncodings = 0;
			knownRegions = (
				en,
				Base,
			);
			mainGroup = BE7578CD1F0AE0BC00F5ADE0;
			productRefGroup = BE7578D71F0AE0BC00F5ADE0 /* Products */;
			projectDirPath = "";
			projectRoot = "";
			targets = (
				BE7578D51F0AE0BC00F5ADE0 /* JustDoIt2.0 */,
			);
		};
/* End PBXProject section */

/* Begin PBXResourcesBuildPhase section */
		BE7578D41F0AE0BC00F5ADE0 /* Resources */ = {
			isa = PBXResourcesBuildPhase;
			buildActionMask = 2147483647;
			files = (
				BE7578E71F0AE0BC00F5ADE0 /* LaunchScreen.storyboard in Resources */,
				BE7578E41F0AE0BC00F5ADE0 /* Assets.xcassets in Resources */,
				BE7578DF1F0AE0BC00F5ADE0 /* Main.storyboard in Resources */,
			);
			runOnlyForDeploymentPostprocessing = 0;
		};
/* End PBXResourcesBuildPhase section */

/* Begin PBXSourcesBuildPhase section */
		BE7578D21F0AE0BC00F5ADE0 /* Sources */ = {
			isa = PBXSourcesBuildPhase;
			buildActionMask = 2147483647;
			files = (
				BE7578F11F0AE39A00F5ADE0 /* Tasks.swift in Sources */,
				BE7578E21F0AE0BC00F5ADE0 /* JustDoIt2_0.xcdatamodeld in Sources */,
				BE7578F51F0C6BA900F5ADE0 /* CompleteTaskViewController.swift in Sources */,
				BE7578DA1F0AE0BC00F5ADE0 /* AppDelegate.swift in Sources */,
				BE7578EF1F0AE1C900F5ADE0 /* TasksViewController.swift in Sources */,
				BE7578F31F0BCFD400F5ADE0 /* CreateTaskViewController.swift in Sources */,
			);
			runOnlyForDeploymentPostprocessing = 0;
		};
/* End PBXSourcesBuildPhase section */

/* Begin PBXVariantGroup section */
		BE7578DD1F0AE0BC00F5ADE0 /* Main.storyboard */ = {
			isa = PBXVariantGroup;
			children = (
				BE7578DE1F0AE0BC00F5ADE0 /* Base */,
			);
			name = Main.storyboard;
			sourceTree = "<group>";
		};
		BE7578E51F0AE0BC00F5ADE0 /* LaunchScreen.storyboard */ = {
			isa = PBXVariantGroup;
			children = (
				BE7578E61F0AE0BC00F5ADE0 /* Base */,
			);
			name = LaunchScreen.storyboard;
			sourceTree = "<group>";
		};
/* End PBXVariantGroup section */

/* Begin XCBuildConfiguration section */
		BE7578E91F0AE0BC00F5ADE0 /* Debug */ = {
			isa = XCBuildConfiguration;
			buildSettings = {
				ALWAYS_SEARCH_USER_PATHS = NO;
				CLANG_ANALYZER_NONNULL = YES;
				CLANG_ANALYZER_NUMBER_OBJECT_CONVERSION = YES_AGGRESSIVE;
				CLANG_CXX_LANGUAGE_STANDARD = "gnu++0x";
				CLANG_CXX_LIBRARY = "libc++";
				CLANG_ENABLE_MODULES = YES;
				CLANG_ENABLE_OBJC_ARC = YES;
				CLANG_WARN_BOOL_CONVERSION = YES;
				CLANG_WARN_CONSTANT_CONVERSION = YES;
				CLANG_WARN_DIRECT_OBJC_ISA_USAGE = YES_ERROR;
				CLANG_WARN_DOCUMENTATION_COMMENTS = YES;
				CLANG_WARN_EMPTY_BODY = YES;
				CLANG_WARN_ENUM_CONVERSION = YES;
				CLANG_WARN_INFINITE_RECURSION = YES;
				CLANG_WARN_INT_CONVERSION = YES;
				CLANG_WARN_OBJC_ROOT_CLASS = YES_ERROR;
				CLANG_WARN_SUSPICIOUS_MOVE = YES;
				CLANG_WARN_UNREACHABLE_CODE = YES;
				CLANG_WARN__DUPLICATE_METHOD_MATCH = YES;
				"CODE_SIGN_IDENTITY[sdk=iphoneos*]" = "iPhone Developer";
				COPY_PHASE_STRIP = NO;
				DEBUG_INFORMATION_FORMAT = dwarf;
				ENABLE_STRICT_OBJC_MSGSEND = YES;
				ENABLE_TESTABILITY = YES;
				GCC_C_LANGUAGE_STANDARD = gnu99;
				GCC_DYNAMIC_NO_PIC = NO;
				GCC_NO_COMMON_BLOCKS = YES;
				GCC_OPTIMIZATION_LEVEL = 0;
				GCC_PREPROCESSOR_DEFINITIONS = (
					"DEBUG=1",
					"$(inherited)",
				);
				GCC_WARN_64_TO_32_BIT_CONVERSION = YES;
				GCC_WARN_ABOUT_RETURN_TYPE = YES_ERROR;
				GCC_WARN_UNDECLARED_SELECTOR = YES;
				GCC_WARN_UNINITIALIZED_AUTOS = YES_AGGRESSIVE;
				GCC_WARN_UNUSED_FUNCTION = YES;
				GCC_WARN_UNUSED_VARIABLE = YES;
				IPHONEOS_DEPLOYMENT_TARGET = 10.3;
				MTL_ENABLE_DEBUG_INFO = YES;
				ONLY_ACTIVE_ARCH = YES;
				SDKROOT = iphoneos;
				SWIFT_ACTIVE_COMPILATION_CONDITIONS = DEBUG;
				SWIFT_OPTIMIZATION_LEVEL = "-Onone";
			};
			name = Debug;
		};
		BE7578EA1F0AE0BC00F5ADE0 /* Release */ = {
			isa = XCBuildConfiguration;
			buildSettings = {
				ALWAYS_SEARCH_USER_PATHS = NO;
				CLANG_ANALYZER_NONNULL = YES;
				CLANG_ANALYZER_NUMBER_OBJECT_CONVERSION = YES_AGGRESSIVE;
				CLANG_CXX_LANGUAGE_STANDARD = "gnu++0x";
				CLANG_CXX_LIBRARY = "libc++";
				CLANG_ENABLE_MODULES = YES;
				CLANG_ENABLE_OBJC_ARC = YES;
				CLANG_WARN_BOOL_CONVERSION = YES;
				CLANG_WARN_CONSTANT_CONVERSION = YES;
				CLANG_WARN_DIRECT_OBJC_ISA_USAGE = YES_ERROR;
				CLANG_WARN_DOCUMENTATION_COMMENTS = YES;
				CLANG_WARN_EMPTY_BODY = YES;
				CLANG_WARN_ENUM_CONVERSION = YES;
				CLANG_WARN_INFINITE_RECURSION = YES;
				CLANG_WARN_INT_CONVERSION = YES;
				CLANG_WARN_OBJC_ROOT_CLASS = YES_ERROR;
				CLANG_WARN_SUSPICIOUS_MOVE = YES;
				CLANG_WARN_UNREACHABLE_CODE = YES;
				CLANG_WARN__DUPLICATE_METHOD_MATCH = YES;
				"CODE_SIGN_IDENTITY[sdk=iphoneos*]" = "iPhone Developer";
				COPY_PHASE_STRIP = NO;
				DEBUG_INFORMATION_FORMAT = "dwarf-with-dsym";
				ENABLE_NS_ASSERTIONS = NO;
				ENABLE_STRICT_OBJC_MSGSEND = YES;
				GCC_C_LANGUAGE_STANDARD = gnu99;
				GCC_NO_COMMON_BLOCKS = YES;
				GCC_WARN_64_TO_32_BIT_CONVERSION = YES;
				GCC_WARN_ABOUT_RETURN_TYPE = YES_ERROR;
				GCC_WARN_UNDECLARED_SELECTOR = YES;
				GCC_WARN_UNINITIALIZED_AUTOS = YES_AGGRESSIVE;
				GCC_WARN_UNUSED_FUNCTION = YES;
				GCC_WARN_UNUSED_VARIABLE = YES;
				IPHONEOS_DEPLOYMENT_TARGET = 10.3;
				MTL_ENABLE_DEBUG_INFO = NO;
				SDKROOT = iphoneos;
				SWIFT_OPTIMIZATION_LEVEL = "-Owholemodule";
				VALIDATE_PRODUCT = YES;
			};
			name = Release;
		};
		BE7578EC1F0AE0BC00F5ADE0 /* Debug */ = {
			isa = XCBuildConfiguration;
			buildSettings = {
				ASSETCATALOG_COMPILER_APPICON_NAME = AppIcon;
				DEVELOPMENT_TEAM = E2QK468QU7;
				INFOPLIST_FILE = JustDoIt2.0/Info.plist;
				LD_RUNPATH_SEARCH_PATHS = "$(inherited) @executable_path/Frameworks";
				PRODUCT_BUNDLE_IDENTIFIER = "com.pachucainc.JustDoIt2-0";
				PRODUCT_NAME = "$(TARGET_NAME)";
				SWIFT_VERSION = 3.0;
			};
			name = Debug;
		};
		BE7578ED1F0AE0BC00F5ADE0 /* Release */ = {
			isa = XCBuildConfiguration;
			buildSettings = {
				ASSETCATALOG_COMPILER_APPICON_NAME = AppIcon;
				DEVELOPMENT_TEAM = E2QK468QU7;
				INFOPLIST_FILE = JustDoIt2.0/Info.plist;
				LD_RUNPATH_SEARCH_PATHS = "$(inherited) @executable_path/Frameworks";
				PRODUCT_BUNDLE_IDENTIFIER = "com.pachucainc.JustDoIt2-0";
				PRODUCT_NAME = "$(TARGET_NAME)";
				SWIFT_VERSION = 3.0;
			};
			name = Release;
		};
/* End XCBuildConfiguration section */

/* Begin XCConfigurationList section */
		BE7578D11F0AE0BC00F5ADE0 /* Build configuration list for PBXProject "JustDoIt2.0" */ = {
			isa = XCConfigurationList;
			buildConfigurations = (
				BE7578E91F0AE0BC00F5ADE0 /* Debug */,
				BE7578EA1F0AE0BC00F5ADE0 /* Release */,
			);
			defaultConfigurationIsVisible = 0;
			defaultConfigurationName = Release;
		};
		BE7578EB1F0AE0BC00F5ADE0 /* Build configuration list for PBXNativeTarget "JustDoIt2.0" */ = {
			isa = XCConfigurationList;
			buildConfigurations = (
				BE7578EC1F0AE0BC00F5ADE0 /* Debug */,
				BE7578ED1F0AE0BC00F5ADE0 /* Release */,
			);
			defaultConfigurationIsVisible = 0;
		};
/* End XCConfigurationList section */

/* Begin XCVersionGroup section */
		BE7578E01F0AE0BC00F5ADE0 /* JustDoIt2_0.xcdatamodeld */ = {
			isa = XCVersionGroup;
			children = (
				BE7578E11F0AE0BC00F5ADE0 /* JustDoIt2_0.xcdatamodel */,
			);
			currentVersion = BE7578E11F0AE0BC00F5ADE0 /* JustDoIt2_0.xcdatamodel */;
			path = JustDoIt2_0.xcdatamodeld;
			sourceTree = "<group>";
			versionGroupType = wrapper.xcdatamodel;
		};
/* End XCVersionGroup section */
	};
	rootObject = BE7578CE1F0AE0BC00F5ADE0 /* Project object */;
}
